Microsoft Visual Studio Solution File, Format Version 12.00
# Visual Studio 2012
Project("{4747FBF1-59E2-D49F-C1F1-F7A49ADE1D3A}") = "Touch-Interactions", "Assembly-CSharp-firstpass.csproj", "{86E7D723-DECC-1379-A3CF-55CD9B943C29}"
EndProject
Project("{4747FBF1-59E2-D49F-C1F1-F7A49ADE1D3A}") = "Touch-Interactions", "Assembly-CSharp.csproj", "{5CFBC62D-EA03-AA33-5655-568E1B3A4EBF}"
EndProject
Project("{4747FBF1-59E2-D49F-C1F1-F7A49ADE1D3A}") = "Touch-Interactions", "Assembly-CSharp-Editor-firstpass.csproj", "{40211E83-A12C-6D64-5BC1-6BF9B13273E7}"
EndProject
Project("{4747FBF1-59E2-D49F-C1F1-F7A49ADE1D3A}") = "Touch-Interactions", "Assembly-CSharp-Editor.csproj", "{F3FFE0EF-D000-F044-A641-8A00CBBD9164}"
EndProject
Global
	GlobalSection(SolutionConfigurationPlatforms) = preSolution
		Debug|Any CPU = Debug|Any CPU
		Release|Any CPU = Release|Any CPU
	EndGlobalSection
	GlobalSection(ProjectConfigurationPlatforms) = postSolution
		{86E7D723-DECC-1379-A3CF-55CD9B943C29}.Debug|Any CPU.ActiveCfg = Debug|Any CPU
		{86E7D723-DECC-1379-A3CF-55CD9B943C29}.Debug|Any CPU.Build.0 = Debug|Any CPU
		{86E7D723-DECC-1379-A3CF-55CD9B943C29}.Release|Any CPU.ActiveCfg = Release|Any CPU
		{86E7D723-DECC-1379-A3CF-55CD9B943C29}.Release|Any CPU.Build.0 = Release|Any CPU
		{5CFBC62D-EA03-AA33-5655-568E1B3A4EBF}.Debug|Any CPU.ActiveCfg = Debug|Any CPU
		{5CFBC62D-EA03-AA33-5655-568E1B3A4EBF}.Debug|Any CPU.Build.0 = Debug|Any CPU
		{5CFBC62D-EA03-AA33-5655-568E1B3A4EBF}.Release|Any CPU.ActiveCfg = Release|Any CPU
		{5CFBC62D-EA03-AA33-5655-568E1B3A4EBF}.Release|Any CPU.Build.0 = Release|Any CPU
		{40211E83-A12C-6D64-5BC1-6BF9B13273E7}.Debug|Any CPU.ActiveCfg = Debug|Any CPU
		{40211E83-A12C-6D64-5BC1-6BF9B13273E7}.Debug|Any CPU.Build.0 = Debug|Any CPU
		{40211E83-A12C-6D64-5BC1-6BF9B13273E7}.Release|Any CPU.ActiveCfg = Release|Any CPU
		{40211E83-A12C-6D64-5BC1-6BF9B13273E7}.Release|Any CPU.Build.0 = Release|Any CPU
		{F3FFE0EF-D000-F044-A641-8A00CBBD9164}.Debug|Any CPU.ActiveCfg = Debug|Any CPU
		{F3FFE0EF-D000-F044-A641-8A00CBBD9164}.Debug|Any CPU.Build.0 = Debug|Any CPU
		{F3FFE0EF-D000-F044-A641-8A00CBBD9164}.Release|Any CPU.ActiveCfg = Release|Any CPU
		{F3FFE0EF-D000-F044-A641-8A00CBBD9164}.Release|Any CPU.Build.0 = Release|Any CPU
	EndGlobalSection
	GlobalSection(MonoDevelopProperties) = preSolution
		StartupItem = Assembly-CSharp.csproj
	EndGlobalSection
EndGlobal
